schema_version: 1

prodops_framework:
  version: "v1.14.0"
  status: consumer
  external_source: https://github.com/produtoreativo/prodops-framework
  synchronization_mechanism: ci-pr-sync

distribution:
  state: installed

drift:
  status: ok
  installed_version: "v1.14.0"
  available_version: "v1.14.0"
  last_checked: "2026-08-19"
  reason: >
    Versão instalada igual à versão disponível — sem drift.
    Re-checar após nova release publicada em prodops-framework.
